// !$*UTF8*$!
{
	archiveVersion = 1;
	classes = {
	};
	objectVersion = 46;
	objects = {

/* Begin PBXBuildFile section */
		A7A693A21F908B2E0002D243 /* AppDelegate.swift in Sources */ = {isa = PBXBuildFile; fileRef = A7A693A11F908B2E0002D243 /* AppDelegate.swift */; };
		A7A693A41F908B2E0002D243 /* ViewController.swift in Sources */ = {isa = PBXBuildFile; fileRef = A7A693A31F908B2E0002D243 /* ViewController.swift */; };
		A7A693A71F908B2E0002D243 /* Main.storyboard in Resources */ = {isa = PBXBuildFile; fileRef = A7A693A51F908B2E0002D243 /* Main.storyboard */; };
		A7A693A91F908B2E0002D243 /* Assets.xcassets in Resources */ = {isa = PBXBuildFile; fileRef = A7A693A81F908B2E0002D243 /* Assets.xcassets */; };
		A7A693AC1F908B2E0002D243 /* LaunchScreen.storyboard in Resources */ = {isa = PBXBuildFile; fileRef = A7A693AA1F908B2E0002D243 /* LaunchScreen.storyboard */; };
/* End PBXBuildFile section */

/* Begin PBXFileReference section */
		A7A6939E1F908B2E0002D243 /* 555.app */ = {isa = PBXFileReference; explicitFileType = wrapper.application; includeInIndex = 0; path = 555.app; sourceTree = BUILT_PRODUCTS_DIR; };
		A7A693A11F908B2E0002D243 /* AppDelegate.swift */ = {isa = PBXFileReference; lastKnownFileType = sourcecode.swift; path = AppDelegate.swift; sourceTree = "<group>"; };
		A7A693A31F908B2E0002D243 /* ViewController.swift */ = {isa = PBXFileReference; lastKnownFileType = sourcecode.swift; path = ViewController.swift; sourceTree = "<group>"; };
		A7A693A61F908B2E0002D243 /* Base */ = {isa = PBXFileReference; lastKnownFileType = file.storyboard; name = Base; path = Base.lproj/Main.storyboard; sourceTree = "<group>"; };
		A7A693A81F908B2E0002D243 /* Assets.xcassets */ = {isa = PBXFileReference; lastKnownFileType = folder.assetcatalog; path = Assets.xcassets; sourceTree = "<group>"; };
		A7A693AB1F908B2E0002D243 /* Base */ = {isa = PBXFileReference; lastKnownFileType = file.storyboard; name = Base; path = Base.lproj/LaunchScreen.storyboard; sourceTree = "<group>"; };
		A7A693AD1F908B2E0002D243 /* Info.plist */ = {isa = PBXFileReference; lastKnownFileType = text.plist.xml; path = Info.plist; sourceTree = "<group>"; };
/* End PBXFileReference section */

/* Begin PBXFrameworksBuildPhase section */
		A7A6939B1F908B2E0002D243 /* Frameworks */ = {
			isa = PBXFrameworksBuildPhase;
			buildActionMask = 2147483647;
			files = (
			);
			runOnlyForDeploymentPostprocessing = 0;
		};
/* End PBXFrameworksBuildPhase section */

/* Begin PBXGroup section */
		A7A693951F908B2E0002D243 = {
			isa = PBXGroup;
			children = (
				A7A693A01F908B2E0002D243 /* 555 */,
				A7A6939F1F908B2E0002D243 /* Products */,
			);
			sourceTree = "<group>";
		};
		A7A6939F1F908B2E0002D243 /* Products */ = {
			isa = PBXGroup;
			children = (
				A7A6939E1F908B2E0002D243 /* 555.app */,
			);
			name = Products;
			sourceTree = "<group>";
		};
		A7A693A01F908B2E0002D243 /* 555 */ = {
			isa = PBXGroup;
			children = (
				A7A693A11F908B2E0002D243 /* AppDelegate.swift */,
				A7A693A31F908B2E0002D243 /* ViewController.swift */,
				A7A693A51F908B2E0002D243 /* Main.storyboard */,
				A7A693A81F908B2E0002D243 /* Assets.xcassets */,
				A7A693AA1F908B2E0002D243 /* LaunchScreen.storyboard */,
				A7A693AD1F908B2E0002D243 /* Info.plist */,
			);
			path = 555;
			sourceTree = "<group>";
		};
/* End PBXGroup section */

/* Begin PBXNativeTarget section */
		A7A6939D1F908B2E0002D243 /* 555 */ = {
			isa = PBXNativeTarget;
			buildConfigurationList = A7A693B01F908B2E0002D243 /* Build configuration list for PBXNativeTarget "555" */;
			buildPhases = (
				A7A6939A1F908B2E0002D243 /* Sources */,
				A7A6939B1F908B2E0002D243 /* Frameworks */,
				A7A6939C1F908B2E0002D243 /* Resources */,
			);
			buildRules = (
			);
			dependencies = (
			);
			name = 555;
			productName = 555;
			productReference = A7A6939E1F908B2E0002D243 /* 555.app */;
			productType = "com.apple.product-type.application";
		};
/* End PBXNativeTarget section */

/* Begin PBXProject section */
		A7A693961F908B2E0002D243 /* Project object */ = {
			isa = PBXProject;
			attributes = {
				LastSwiftUpdateCheck = 0830;
				LastUpgradeCheck = 0830;
				ORGANIZATIONNAME = RTC08;
				TargetAttributes = {
					A7A6939D1F908B2E0002D243 = {
						CreatedOnToolsVersion = 8.3.3;
						ProvisioningStyle = Automatic;
					};
				};
			};
			buildConfigurationList = A7A693991F908B2E0002D243 /* Build configuration list for PBXProject "555" */;
			compatibilityVersion = "Xcode 3.2";
			developmentRegion = English;
			hasScannedForEncodings = 0;
			knownRegions = (
				en,
				Base,
			);
			mainGroup = A7A693951F908B2E0002D243;
			productRefGroup = A7A6939F1F908B2E0002D243 /* Products */;
			projectDirPath = "";
			projectRoot = "";
			targets = (
				A7A6939D1F908B2E0002D243 /* 555 */,
			);
		};
/* End PBXProject section */

/* Begin PBXResourcesBuildPhase section */
		A7A6939C1F908B2E0002D243 /* Resources */ = {
			isa = PBXResourcesBuildPhase;
			buildActionMask = 2147483647;
			files = (
				A7A693AC1F908B2E0002D243 /* LaunchScreen.storyboard in Resources */,
				A7A693A91F908B2E0002D243 /* Assets.xcassets in Resources */,
				A7A693A71F908B2E0002D243 /* Main.storyboard in Resources */,
			);
			runOnlyForDeploymentPostprocessing = 0;
		};
/* End PBXResourcesBuildPhase section */

/* Begin PBXSourcesBuildPhase section */
		A7A6939A1F908B2E0002D243 /* Sources */ = {
			isa = PBXSourcesBuildPhase;
			buildActionMask = 2147483647;
			files = (
				A7A693A41F908B2E0002D243 /* ViewController.swift in Sources */,
				A7A693A21F908B2E0002D243 /* AppDelegate.swift in Sources */,
			);
			runOnlyForDeploymentPostprocessing = 0;
		};
/* End PBXSourcesBuildPhase section */

/* Begin PBXVariantGroup section */
		A7A693A51F908B2E0002D243 /* Main.storyboard */ = {
			isa = PBXVariantGroup;
			children = (
				A7A693A61F908B2E0002D243 /* Base */,
			);
			name = Main.storyboard;
			sourceTree = "<group>";
		};
		A7A693AA1F908B2E0002D243 /* LaunchScreen.storyboard */ = {
			isa = PBXVariantGroup;
			children = (
				A7A693AB1F908B2E0002D243 /* Base */,
			);
			name = LaunchScreen.storyboard;
			sourceTree = "<group>";
		};
/* End PBXVariantGroup section */

/* Begin XCBuildConfiguration section */
		A7A693AE1F908B2E0002D243 /* Debug */ = {
			isa = XCBuildConfiguration;
			buildSettings = {
				ALWAYS_SEARCH_USER_PATHS = NO;
				CLANG_ANALYZER_NONNULL = YES;
				CLANG_ANALYZER_NUMBER_OBJECT_CONVERSION = YES_AGGRESSIVE;
				CLANG_CXX_LANGUAGE_STANDARD = "gnu++0x";
				CLANG_CXX_LIBRARY = "libc++";
				CLANG_ENABLE_MODULES = YES;
				CLANG_ENABLE_OBJC_ARC = YES;
				CLANG_WARN_BOOL_CONVERSION = YES;
				CLANG_WARN_CONSTANT_CONVERSION = YES;
				CLANG_WARN_DIRECT_OBJC_ISA_USAGE = YES_ERROR;
				CLANG_WARN_DOCUMENTATION_COMMENTS = YES;
				CLANG_WARN_EMPTY_BODY = YES;
				CLANG_WARN_ENUM_CONVERSION = YES;
				CLANG_WARN_INFINITE_RECURSION = YES;
				CLANG_WARN_INT_CONVERSION = YES;
				CLANG_WARN_OBJC_ROOT_CLASS = YES_ERROR;
				CLANG_WARN_SUSPICIOUS_MOVE = YES;
				CLANG_WARN_UNREACHABLE_CODE = YES;
				CLANG_WARN__DUPLICATE_METHOD_MATCH = YES;
				"CODE_SIGN_IDENTITY[sdk=iphoneos*]" = "iPhone Developer";
				COPY_PHASE_STRIP = NO;
				DEBUG_INFORMATION_FORMAT = dwarf;
				ENABLE_STRICT_OBJC_MSGSEND = YES;
				ENABLE_TESTABILITY = YES;
				GCC_C_LANGUAGE_STANDARD = gnu99;
				GCC_DYNAMIC_NO_PIC = NO;
				GCC_NO_COMMON_BLOCKS = YES;
				GCC_OPTIMIZATION_LEVEL = 0;
				GCC_PREPROCESSOR_DEFINITIONS = (
					"DEBUG=1",
					"$(inherited)",
				);
				GCC_WARN_64_TO_32_BIT_CONVERSION = YES;
				GCC_WARN_ABOUT_RETURN_TYPE = YES_ERROR;
				GCC_WARN_UNDECLARED_SELECTOR = YES;
				GCC_WARN_UNINITIALIZED_AUTOS = YES_AGGRESSIVE;
				GCC_WARN_UNUSED_FUNCTION = YES;
				GCC_WARN_UNUSED_VARIABLE = YES;
				IPHONEOS_DEPLOYMENT_TARGET = 10.3;
				MTL_ENABLE_DEBUG_INFO = YES;
				ONLY_ACTIVE_ARCH = YES;
				SDKROOT = iphoneos;
				SWIFT_ACTIVE_COMPILATION_CONDITIONS = DEBUG;
				SWIFT_OPTIMIZATION_LEVEL = "-Onone";
				TARGETED_DEVICE_FAMILY = "1,2";
			};
			name = Debug;
		};
		A7A693AF1F908B2E0002D243 /* Release */ = {
			isa = XCBuildConfiguration;
			buildSettings = {
				ALWAYS_SEARCH_USER_PATHS = NO;
				CLANG_ANALYZER_NONNULL = YES;
				CLANG_ANALYZER_NUMBER_OBJECT_CONVERSION = YES_AGGRESSIVE;
				CLANG_CXX_LANGUAGE_STANDARD = "gnu++0x";
				CLANG_CXX_LIBRARY = "libc++";
				CLANG_ENABLE_MODULES = YES;
				CLANG_ENABLE_OBJC_ARC = YES;
				CLANG_WARN_BOOL_CONVERSION = YES;
				CLANG_WARN_CONSTANT_CONVERSION = YES;
				CLANG_WARN_DIRECT_OBJC_ISA_USAGE = YES_ERROR;
				CLANG_WARN_DOCUMENTATION_COMMENTS = YES;
				CLANG_WARN_EMPTY_BODY = YES;
				CLANG_WARN_ENUM_CONVERSION = YES;
				CLANG_WARN_INFINITE_RECURSION = YES;
				CLANG_WARN_INT_CONVERSION = YES;
				CLANG_WARN_OBJC_ROOT_CLASS = YES_ERROR;
				CLANG_WARN_SUSPICIOUS_MOVE = YES;
				CLANG_WARN_UNREACHABLE_CODE = YES;
				CLANG_WARN__DUPLICATE_METHOD_MATCH = YES;
				"CODE_SIGN_IDENTITY[sdk=iphoneos*]" = "iPhone Developer";
				COPY_PHASE_STRIP = NO;
				DEBUG_INFORMATION_FORMAT = "dwarf-with-dsym";
				ENABLE_NS_ASSERTIONS = NO;
				ENABLE_STRICT_OBJC_MSGSEND = YES;
				GCC_C_LANGUAGE_STANDARD = gnu99;
				GCC_NO_COMMON_BLOCKS = YES;
				GCC_WARN_64_TO_32_BIT_CONVERSION = YES;
				GCC_WARN_ABOUT_RETURN_TYPE = YES_ERROR;
				GCC_WARN_UNDECLARED_SELECTOR = YES;
				GCC_WARN_UNINITIALIZED_AUTOS = YES_AGGRESSIVE;
				GCC_WARN_UNUSED_FUNCTION = YES;
				GCC_WARN_UNUSED_VARIABLE = YES;
				IPHONEOS_DEPLOYMENT_TARGET = 10.3;
				MTL_ENABLE_DEBUG_INFO = NO;
				SDKROOT = iphoneos;
				SWIFT_OPTIMIZATION_LEVEL = "-Owholemodule";
				TARGETED_DEVICE_FAMILY = "1,2";
				VALIDATE_PRODUCT = YES;
			};
			name = Release;
		};
		A7A693B11F908B2E0002D243 /* Debug */ = {
			isa = XCBuildConfiguration;
			buildSettings = {
				ASSETCATALOG_COMPILER_APPICON_NAME = AppIcon;
				INFOPLIST_FILE = 555/Info.plist;
				LD_RUNPATH_SEARCH_PATHS = "$(inherited) @executable_path/Frameworks";
				PRODUCT_BUNDLE_IDENTIFIER = "-23.-55";
				PRODUCT_NAME = "$(TARGET_NAME)";
				SWIFT_VERSION = 3.0;
			};
			name = Debug;
		};
		A7A693B21F908B2E0002D243 /* Release */ = {
			isa = XCBuildConfiguration;
			buildSettings = {
				ASSETCATALOG_COMPILER_APPICON_NAME = AppIcon;
				INFOPLIST_FILE = 555/Info.plist;
				LD_RUNPATH_SEARCH_PATHS = "$(inherited) @executable_path/Frameworks";
				PRODUCT_BUNDLE_IDENTIFIER = "-23.-55";
				PRODUCT_NAME = "$(TARGET_NAME)";
				SWIFT_VERSION = 3.0;
			};
			name = Release;
		};
/* End XCBuildConfiguration section */

/* Begin XCConfigurationList section */
		A7A693991F908B2E0002D243 /* Build configuration list for PBXProject "555" */ = {
			isa = XCConfigurationList;
			buildConfigurations = (
				A7A693AE1F908B2E0002D243 /* Debug */,
				A7A693AF1F908B2E0002D243 /* Release */,
			);
			defaultConfigurationIsVisible = 0;
			defaultConfigurationName = Release;
		};
		A7A693B01F908B2E0002D243 /* Build configuration list for PBXNativeTarget "555" */ = {
			isa = XCConfigurationList;
			buildConfigurations = (
				A7A693B11F908B2E0002D243 /* Debug */,
				A7A693B21F908B2E0002D243 /* Release */,
			);
			defaultConfigurationIsVisible = 0;
		};
/* End XCConfigurationList section */
	};
	rootObject = A7A693961F908B2E0002D243 /* Project object */;
}
